
Microsoft Visual Studio Solution File, Format Version 12.00
# Visual Studio Version 16
VisualStudioVersion = 16.0.30907.101
MinimumVisualStudioVersion = 10.0.40219.1
Project("{FAE04EC0-301F-11D3-BF4B-00C04F79EFBC}") = "Lotte_OpdrachtDIEF", "Lotte_OpdrachtDIEF\Lotte_OpdrachtDIEF.csproj", "{65C91270-8458-4DDA-8808-2C4D5EE8443E}"
EndProject
Global
	GlobalSection(SolutionConfigurationPlatforms) = preSolution
		Debug|Any CPU = Debug|Any CPU
		Release|Any CPU = Release|Any CPU
	EndGlobalSection
	GlobalSection(ProjectConfigurationPlatforms) = postSolution
		{65C91270-8458-4DDA-8808-2C4D5EE8443E}.Debug|Any CPU.ActiveCfg = Debug|Any CPU
		{65C91270-8458-4DDA-8808-2C4D5EE8443E}.Debug|Any CPU.Build.0 = Debug|Any CPU
		{65C91270-8458-4DDA-8808-2C4D5EE8443E}.Release|Any CPU.ActiveCfg = Release|Any CPU
		{65C91270-8458-4DDA-8808-2C4D5EE8443E}.Release|Any CPU.Build.0 = Release|Any CPU
	EndGlobalSection
	GlobalSection(SolutionProperties) = preSolution
		HideSolutionNode = FALSE
	EndGlobalSection
	GlobalSection(ExtensibilityGlobals) = postSolution
		SolutionGuid = {FA7EEF5E-5A90-4960-B42A-419228689087}
	EndGlobalSection
EndGlobal
